<?xml version="1.0" encoding="utf-8"?>
<Project ToolsVersion="4.0" xmlns="http://schemas.microsoft.com/developer/msbuild/2003">
  <ItemGroup>
    <Filter Include="Source Files">
      <UniqueIdentifier>{4FC737F1-C7A5-4376-A066-2A32D752A2FF}</UniqueIdentifier>
      <Extensions>cpp;c;cc;cxx;def;odl;idl;hpj;bat;asm;asmx</Extensions>
    </Filter>
    <Filter Include="Header Files">
      <UniqueIdentifier>{93995380-89BD-4b04-88EB-625FBE52EBFB}</UniqueIdentifier>
      <Extensions>h;hh;hpp;hxx;hm;inl;inc;xsd</Extensions>
    </Filter>
    <Filter Include="Resource Files">
      <UniqueIdentifier>{67DA6AB6-F800-4c08-8B7A-83BB121AAD01}</UniqueIdentifier>
      <Extensions>rc;ico;cur;bmp;dlg;rc2;rct;bin;rgs;gif;jpg;jpeg;jpe;resx;tiff;tif;png;wav;mfcribbon-ms</Extensions>
    </Filter>
    <Filter Include="Source Files\System">
      <UniqueIdentifier>{4853f664-eee4-4dcb-9241-3435283a408e}</UniqueIdentifier>
    </Filter>
    <Filter Include="Shaders">
      <UniqueIdentifier>{12a0d354-07f2-4020-988b-a350cb1cf2ba}</UniqueIdentifier>
    </Filter>
    <Filter Include="Source Files\DDSLoader">
      <UniqueIdentifier>{308a5120-133e-47b0-af49-bdb1d67de8ed}</UniqueIdentifier>
    </Filter>
    <Filter Include="Source Files\Buffers">
      <UniqueIdentifier>{ed80c113-5b0e-402a-89f8-6c4248c037cd}</UniqueIdentifier>
    </Filter>
    <Filter Include="Source Files\Resources">
      <UniqueIdentifier>{08ed9188-789e-46e8-9bb0-da57272669b2}</UniqueIdentifier>
    </Filter>
    <Filter Include="Source Files\Renderer">
      <UniqueIdentifier>{bb65cfd7-c6fb-4553-8c2c-1a4537ee573e}</UniqueIdentifier>
    </Filter>
    <Filter Include="Source Files\Renderer\Sprite">
      <UniqueIdentifier>{70dbc455-5a73-42f9-8711-be4012f3ebad}</UniqueIdentifier>
    </Filter>
  </ItemGroup>
  <ItemGroup>
    <ClInclude Include="Buffers\CPUAccessableBuffer.h">
      <Filter>Source Files\Buffers</Filter>
    </ClInclude>
    <ClInclude Include="Buffers\DrawResourcesBuffer.h">
      <Filter>Source Files\Buffers</Filter>
    </ClInclude>
    <ClInclude Include="Buffers\DrawResourcesBuffer-inl.h">
      <Filter>Source Files\Buffers</Filter>
    </ClInclude>
    <ClInclude Include="Buffers\IGPUResourceBuffer.h">
      <Filter>Source Files\Buffers</Filter>
    </ClInclude>
    <ClInclude Include="Buffers\ImmutableBuffer.h">
      <Filter>Source Files\Buffers</Filter>
    </ClInclude>
    <ClInclude Include="DDSLoader\DDSTextureLoader.h">
      <Filter>Source Files\DDSLoader</Filter>
    </ClInclude>
    <ClInclude Include="Resources\Texture.h">
      <Filter>Source Files\Resources</Filter>
    </ClInclude>
    <ClInclude Include="System\Device.h">
      <Filter>Source Files\System</Filter>
    </ClInclude>
    <ClInclude Include="System\DXHelpers.h">
      <Filter>Source Files\System</Filter>
    </ClInclude>
    <ClInclude Include="System\DXHelpers-inl.h">
      <Filter>Source Files\System</Filter>
    </ClInclude>
    <ClInclude Include="System\Helpers.h">
      <Filter>Source Files\System</Filter>
    </ClInclude>
    <ClInclude Include="System\Initialization.h">
      <Filter>Source Files\System</Filter>
    </ClInclude>
    <ClInclude Include="System\Window.h">
      <Filter>Source Files\System</Filter>
    </ClInclude>
    <ClInclude Include="Renderer\IRenderer.h">
      <Filter>Source Files\Renderer</Filter>
    </ClInclude>
    <ClInclude Include="Renderer\IRenderable.h">
      <Filter>Source Files\Renderer</Filter>
    </ClInclude>
    <ClInclude Include="Renderer\RendererManager.h">
      <Filter>Source Files\Renderer</Filter>
    </ClInclude>
    <ClInclude Include="Renderer\Sprite\Sprite.h">
      <Filter>Source Files\Renderer\Sprite</Filter>
    </ClInclude>
    <ClInclude Include="Renderer\Sprite\SpriteDataTypes.h">
      <Filter>Source Files\Renderer\Sprite</Filter>
    </ClInclude>
    <ClInclude Include="Renderer\Sprite\SpritePS.h">
      <Filter>Source Files\Renderer\Sprite</Filter>
    </ClInclude>
    <ClInclude Include="Renderer\Sprite\SpriteRenderer.h">
      <Filter>Source Files\Renderer\Sprite</Filter>
    </ClInclude>
    <ClInclude Include="Renderer\Sprite\SpriteVS.h">
      <Filter>Source Files\Renderer\Sprite</Filter>
    </ClInclude>
    <ClInclude Include="GraphicsDX.h">
      <Filter>Source Files</Filter>
    </ClInclude>
  </ItemGroup>
  <ItemGroup>
    <ClCompile Include="Buffers\CPUAccessableBuffer.cpp">
      <Filter>Source Files\Buffers</Filter>
    </ClCompile>
    <ClCompile Include="Buffers\DrawResourcesBuffer.cpp">
      <Filter>Source Files\Buffers</Filter>
    </ClCompile>
    <ClCompile Include="Buffers\ImmutableBuffer.cpp">
      <Filter>Source Files\Buffers</Filter>
    </ClCompile>
    <ClCompile Include="DDSLoader\DDSTextureLoader.cpp">
      <Filter>Source Files\DDSLoader</Filter>
    </ClCompile>
    <ClCompile Include="Resources\Texture.cpp">
      <Filter>Source Files\Resources</Filter>
    </ClCompile>
    <ClCompile Include="System\Device.cpp">
      <Filter>Source Files\System</Filter>
    </ClCompile>
    <ClCompile Include="System\Initialization.cpp">
      <Filter>Source Files\System</Filter>
    </ClCompile>
    <ClCompile Include="System\Service.cpp">
      <Filter>Source Files\System</Filter>
    </ClCompile>
    <ClCompile Include="System\Window.cpp">
      <Filter>Source Files\System</Filter>
    </ClCompile>
    <ClCompile Include="Renderer\RendererManager.cpp">
      <Filter>Source Files\Renderer</Filter>
    </ClCompile>
    <ClCompile Include="Renderer\Sprite\Sprite.cpp">
      <Filter>Source Files\Renderer\Sprite</Filter>
    </ClCompile>
    <ClCompile Include="Renderer\Sprite\SpriteRenderer.cpp">
      <Filter>Source Files\Renderer\Sprite</Filter>
    </ClCompile>
    <ClCompile Include="GraphicsDX.cpp">
      <Filter>Source Files</Filter>
    </ClCompile>
  </ItemGroup>
  <ItemGroup>
    <None Include="Shaders\VSOutput.hlsli">
      <Filter>Shaders</Filter>
    </None>
    <None Include="Shaders\SpritePS.hlsl">
      <Filter>Shaders</Filter>
    </None>
    <None Include="Shaders\SpriteVS.hlsl">
      <Filter>Shaders</Filter>
    </None>
  </ItemGroup>
</Project>